{
    "name": "@tstypes/typescript-types",
    "version": "1.0.0",
    "lockfileVersion": 2,
    "requires": true,
    "packages": {
        "": {
            "name": "@tstypes/typescript-types",
            "version": "1.0.0",
            "license": "MIT",
            "devDependencies": {
                "prettier": "^2.0.2",
                "typescript": "next"
            }
        },
        "node_modules/prettier": {
            "version": "2.0.5",
            "resolved": "https://registry.npmjs.org/prettier/-/prettier-2.0.5.tgz",
            "integrity": "sha512-7PtVymN48hGcO4fGjybyBSIWDsLU4H4XlvOHfq91pz9kkGlonzwTfYkaIEwiRg/dAJF9YlbsduBAgtYLi+8cFg==",
            "dev": true,
            "bin": {
                "prettier": "bin-prettier.js"
            },
            "engines": {
                "node": ">=10.13.0"
            }
        },
        "node_modules/typescript": {
            "version": "4.1.0-dev.20200816",
            "resolved": "https://registry.npmjs.org/typescript/-/typescript-4.1.0-dev.20200816.tgz",
            "integrity": "sha512-lDa12cYEEPVl9Jc2t1ky33VZ7a1JLO9dES7fQGosR1Xn3EWPhZoFqbTWmYMMcNmtYs4ak+yqYeH7Ay2xwbp9OQ==",
            "dev": true,
            "bin": {
                "tsc": "bin/tsc",
                "tsserver": "bin/tsserver"
            },
            "engines": {
                "node": ">=4.2.0"
            }
        }
    },
    "dependencies": {
        "prettier": {
            "version": "2.0.5",
            "resolved": "https://registry.npmjs.org/prettier/-/prettier-2.0.5.tgz",
            "integrity": "sha512-7PtVymN48hGcO4fGjybyBSIWDsLU4H4XlvOHfq91pz9kkGlonzwTfYkaIEwiRg/dAJF9YlbsduBAgtYLi+8cFg==",
            "dev": true
        },
        "typescript": {
            "version": "4.1.0-dev.20200816",
            "resolved": "https://registry.npmjs.org/typescript/-/typescript-4.1.0-dev.20200816.tgz",
            "integrity": "sha512-lDa12cYEEPVl9Jc2t1ky33VZ7a1JLO9dES7fQGosR1Xn3EWPhZoFqbTWmYMMcNmtYs4ak+yqYeH7Ay2xwbp9OQ==",
            "dev": true
        }
    }
}
